
Microsoft Visual Studio Solution File, Format Version 12.00
# Visual Studio 2013
VisualStudioVersion = 12.0.40629.0
MinimumVisualStudioVersion = 10.0.40219.1
Project("{FAE04EC0-301F-11D3-BF4B-00C04F79EFBC}") = "TesteJenkins", "TesteJenkins\TesteJenkins.csproj", "{77F302B0-51C2-4B22-973B-67CFDB2801D7}"
EndProject
Project("{FAE04EC0-301F-11D3-BF4B-00C04F79EFBC}") = "UnidadeTesteJenkins", "UnidadeTesteJenkins\UnidadeTesteJenkins.csproj", "{EA59D7DA-E771-4DC3-A28A-1D979B03B15D}"
EndProject
Global
	GlobalSection(SolutionConfigurationPlatforms) = preSolution
		Debug|Any CPU = Debug|Any CPU
		Release|Any CPU = Release|Any CPU
	EndGlobalSection
	GlobalSection(ProjectConfigurationPlatforms) = postSolution
		{77F302B0-51C2-4B22-973B-67CFDB2801D7}.Debug|Any CPU.ActiveCfg = Debug|Any CPU
		{77F302B0-51C2-4B22-973B-67CFDB2801D7}.Debug|Any CPU.Build.0 = Debug|Any CPU
		{77F302B0-51C2-4B22-973B-67CFDB2801D7}.Release|Any CPU.ActiveCfg = Release|Any CPU
		{77F302B0-51C2-4B22-973B-67CFDB2801D7}.Release|Any CPU.Build.0 = Release|Any CPU
		{EA59D7DA-E771-4DC3-A28A-1D979B03B15D}.Debug|Any CPU.ActiveCfg = Debug|Any CPU
		{EA59D7DA-E771-4DC3-A28A-1D979B03B15D}.Debug|Any CPU.Build.0 = Debug|Any CPU
		{EA59D7DA-E771-4DC3-A28A-1D979B03B15D}.Release|Any CPU.ActiveCfg = Release|Any CPU
		{EA59D7DA-E771-4DC3-A28A-1D979B03B15D}.Release|Any CPU.Build.0 = Release|Any CPU
	EndGlobalSection
	GlobalSection(SolutionProperties) = preSolution
		HideSolutionNode = FALSE
	EndGlobalSection
EndGlobal
